// !$*UTF8*$!
{
	archiveVersion = 1;
	classes = {
	};
	objectVersion = 46;
	objects = {

/* Begin PBXBuildFile section */
		2001B96816ABB0EE00874DA9 /* hal-black.png in Resources */ = {isa = PBXBuildFile; fileRef = 2001B95C16ABB0EE00874DA9 /* hal-black.png */; };
		2001B96916ABB0EE00874DA9 /* hal-black@2x.png in Resources */ = {isa = PBXBuildFile; fileRef = 2001B95D16ABB0EE00874DA9 /* hal-black@2x.png */; };
		2001B96A16ABB0EE00874DA9 /* hal-blue.png in Resources */ = {isa = PBXBuildFile; fileRef = 2001B95E16ABB0EE00874DA9 /* hal-blue.png */; };
		2001B96B16ABB0EE00874DA9 /* hal-blue@2x.png in Resources */ = {isa = PBXBuildFile; fileRef = 2001B95F16ABB0EE00874DA9 /* hal-blue@2x.png */; };
		2001B96C16ABB0EE00874DA9 /* hal-white.png in Resources */ = {isa = PBXBuildFile; fileRef = 2001B96016ABB0EE00874DA9 /* hal-white.png */; };
		2001B96D16ABB0EE00874DA9 /* hal-white@2x.png in Resources */ = {isa = PBXBuildFile; fileRef = 2001B96116ABB0EE00874DA9 /* hal-white@2x.png */; };
		2001B96E16ABB0EE00874DA9 /* key-blue.png in Resources */ = {isa = PBXBuildFile; fileRef = 2001B96216ABB0EE00874DA9 /* key-blue.png */; };
		2001B96F16ABB0EE00874DA9 /* key-blue@2x.png in Resources */ = {isa = PBXBuildFile; fileRef = 2001B96316ABB0EE00874DA9 /* key-blue@2x.png */; };
		2001B97016ABB0EE00874DA9 /* key-pressed.png in Resources */ = {isa = PBXBuildFile; fileRef = 2001B96416ABB0EE00874DA9 /* key-pressed.png */; };
		2001B97116ABB0EE00874DA9 /* key-pressed@2x.png in Resources */ = {isa = PBXBuildFile; fileRef = 2001B96516ABB0EE00874DA9 /* key-pressed@2x.png */; };
		2001B97216ABB0EE00874DA9 /* key.png in Resources */ = {isa = PBXBuildFile; fileRef = 2001B96616ABB0EE00874DA9 /* key.png */; };
		2001B97316ABB0EE00874DA9 /* key@2x.png in Resources */ = {isa = PBXBuildFile; fileRef = 2001B96716ABB0EE00874DA9 /* key@2x.png */; };
		2001B97A16ABB21000874DA9 /* KOKeyboardRow.m in Sources */ = {isa = PBXBuildFile; fileRef = 2001B97716ABB20D00874DA9 /* KOKeyboardRow.m */; };
		2001B97B16ABB21000874DA9 /* KOSwipeButton.m in Sources */ = {isa = PBXBuildFile; fileRef = 2001B97916ABB20F00874DA9 /* KOSwipeButton.m */; };
		200DFC631750839900804AED /* IDTChooseDocumentViewController.m in Sources */ = {isa = PBXBuildFile; fileRef = 200DFC621750839900804AED /* IDTChooseDocumentViewController.m */; };
		201E59E516E5088A00BD8183 /* SystemConfiguration.framework in Frameworks */ = {isa = PBXBuildFile; fileRef = 201E59E416E5088900BD8183 /* SystemConfiguration.framework */; };
		201E59E716E5089500BD8183 /* MobileCoreServices.framework in Frameworks */ = {isa = PBXBuildFile; fileRef = 201E59E616E5089500BD8183 /* MobileCoreServices.framework */; };
		20259D691691390200F4A1BA /* Telescope-icon.png in Resources */ = {isa = PBXBuildFile; fileRef = 20259D681691390200F4A1BA /* Telescope-icon.png */; };
		202A7C331717CFF80065C720 /* SSKeychain.m in Sources */ = {isa = PBXBuildFile; fileRef = 202A7C301717CFF80065C720 /* SSKeychain.m */; };
		202A7C341717CFF80065C720 /* SSKeychainQuery.m in Sources */ = {isa = PBXBuildFile; fileRef = 202A7C321717CFF80065C720 /* SSKeychainQuery.m */; };
		202A7C361717D1880065C720 /* Security.framework in Frameworks */ = {isa = PBXBuildFile; fileRef = 202A7C351717D1880065C720 /* Security.framework */; };
		20470EC0170B68B300041C75 /* HasGistCellImage@2X.png in Resources */ = {isa = PBXBuildFile; fileRef = 20470EBF170B68B300041C75 /* HasGistCellImage@2X.png */; };
		2062AB061615088500CDC8E2 /* AddressBookUI.framework in Frameworks */ = {isa = PBXBuildFile; fileRef = 2062AB051615088500CDC8E2 /* AddressBookUI.framework */; settings = {ATTRIBUTES = (Required, ); }; };
		2062AB081615089400CDC8E2 /* MessageUI.framework in Frameworks */ = {isa = PBXBuildFile; fileRef = 2062AB071615089400CDC8E2 /* MessageUI.framework */; };
		2066A1EE174ED50600BEBA91 /* UAGithubEngine.m in Sources */ = {isa = PBXBuildFile; fileRef = 2066A1DC174ED50400BEBA91 /* UAGithubEngine.m */; };
		2066A1EF174ED50600BEBA91 /* NSArray+Utilities.m in Sources */ = {isa = PBXBuildFile; fileRef = 2066A1DE174ED50400BEBA91 /* NSArray+Utilities.m */; };
		2066A1F0174ED50600BEBA91 /* NSInvocation+Blocks.m in Sources */ = {isa = PBXBuildFile; fileRef = 2066A1E0174ED50400BEBA91 /* NSInvocation+Blocks.m */; };
		2066A1F1174ED50600BEBA91 /* NSString+UAGithubEngineUtilities.m in Sources */ = {isa = PBXBuildFile; fileRef = 2066A1E2174ED50400BEBA91 /* NSString+UAGithubEngineUtilities.m */; };
		2066A1F2174ED50600BEBA91 /* NSString+UUID.m in Sources */ = {isa = PBXBuildFile; fileRef = 2066A1E4174ED50400BEBA91 /* NSString+UUID.m */; };
		2066A1F3174ED50600BEBA91 /* UAGithubEngineConstants.m in Sources */ = {isa = PBXBuildFile; fileRef = 2066A1E6174ED50500BEBA91 /* UAGithubEngineConstants.m */; };
		2066A1F4174ED50600BEBA91 /* UAGithubJSONParser.m in Sources */ = {isa = PBXBuildFile; fileRef = 2066A1E9174ED50600BEBA91 /* UAGithubJSONParser.m */; };
		2066A1F5174ED50600BEBA91 /* UAGithubURLConnection.m in Sources */ = {isa = PBXBuildFile; fileRef = 2066A1EB174ED50600BEBA91 /* UAGithubURLConnection.m */; };
		2066A1F6174ED50600BEBA91 /* UAReachability.m in Sources */ = {isa = PBXBuildFile; fileRef = 2066A1ED174ED50600BEBA91 /* UAReachability.m */; };
		2066A1FE174FCDB400BEBA91 /* Base64.m in Sources */ = {isa = PBXBuildFile; fileRef = 2066A1FD174FCDB400BEBA91 /* Base64.m */; };
		206DFE3517532BBF00DC409C /* IDTLinked.m in Sources */ = {isa = PBXBuildFile; fileRef = 206DFE3417532BBF00DC409C /* IDTLinked.m */; };
		206EAD511689199600C6A06C /* libMMMarkdown-iOS.a in Frameworks */ = {isa = PBXBuildFile; fileRef = 206EAD501689199600C6A06C /* libMMMarkdown-iOS.a */; };
		20750D3D172F672600DEA894 /* MainStoryboard_iPad.storyboard in Resources */ = {isa = PBXBuildFile; fileRef = 20750D3C172F672600DEA894 /* MainStoryboard_iPad.storyboard */; };
		20750D40172F732000DEA894 /* IDTSplitViewController.m in Sources */ = {isa = PBXBuildFile; fileRef = 20750D3F172F732000DEA894 /* IDTSplitViewController.m */; };
		207718E0166C391100F8835A /* IDTDocument.m in Sources */ = {isa = PBXBuildFile; fileRef = 207718DF166C391100F8835A /* IDTDocument.m */; };
		2084823916B5F10300D0E679 /* GOOD.jpg in Resources */ = {isa = PBXBuildFile; fileRef = 2084823816B5F10300D0E679 /* GOOD.jpg */; };
		208BA30B166F1CA300118232 /* Social.framework in Frameworks */ = {isa = PBXBuildFile; fileRef = 208BA30A166F1CA300118232 /* Social.framework */; };
		208D657517177CC20018522E /* IDTSettingsViewController.m in Sources */ = {isa = PBXBuildFile; fileRef = 208D657417177CC20018522E /* IDTSettingsViewController.m */; };
		20A7743D1738468B00E7D671 /* IDTFolder.m in Sources */ = {isa = PBXBuildFile; fileRef = 20A7743C1738468B00E7D671 /* IDTFolder.m */; };
		20BC8786170BB97A00B808CE /* IDTModel.m in Sources */ = {isa = PBXBuildFile; fileRef = 20BC8785170BB97A00B808CE /* IDTModel.m */; };
		20D4FDC616ADEA9800031046 /* GreenIconNew.png in Resources */ = {isa = PBXBuildFile; fileRef = 20D4FDC516ADEA9800031046 /* GreenIconNew.png */; };
		20D6067516138F5D0091658C /* UIKit.framework in Frameworks */ = {isa = PBXBuildFile; fileRef = 20D6067416138F5D0091658C /* UIKit.framework */; };
		20D6067716138F5D0091658C /* Foundation.framework in Frameworks */ = {isa = PBXBuildFile; fileRef = 20D6067616138F5D0091658C /* Foundation.framework */; };
		20D6067916138F5D0091658C /* CoreGraphics.framework in Frameworks */ = {isa = PBXBuildFile; fileRef = 20D6067816138F5D0091658C /* CoreGraphics.framework */; };
		20D6067F16138F5D0091658C /* InfoPlist.strings in Resources */ = {isa = PBXBuildFile; fileRef = 20D6067D16138F5D0091658C /* InfoPlist.strings */; };
		20D6068116138F5D0091658C /* main.m in Sources */ = {isa = PBXBuildFile; fileRef = 20D6068016138F5D0091658C /* main.m */; };
		20D6068516138F5D0091658C /* IDTAppDelegate.m in Sources */ = {isa = PBXBuildFile; fileRef = 20D6068416138F5D0091658C /* IDTAppDelegate.m */; };
		20D6068716138F5D0091658C /* Default.png in Resources */ = {isa = PBXBuildFile; fileRef = 20D6068616138F5D0091658C /* Default.png */; };
		20D6068916138F5D0091658C /* Default@2x.png in Resources */ = {isa = PBXBuildFile; fileRef = 20D6068816138F5D0091658C /* Default@2x.png */; };
		20D6068B16138F5D0091658C /* Default-568h@2x.png in Resources */ = {isa = PBXBuildFile; fileRef = 20D6068A16138F5D0091658C /* Default-568h@2x.png */; };
		20D6069116138F5D0091658C /* IDTMasterViewController.m in Sources */ = {isa = PBXBuildFile; fileRef = 20D6069016138F5D0091658C /* IDTMasterViewController.m */; };
		20D6069416138F5D0091658C /* IDTDetailViewController.m in Sources */ = {isa = PBXBuildFile; fileRef = 20D6069316138F5D0091658C /* IDTDetailViewController.m */; };
		20D6069B16138F950091658C /* MainStoryboard.storyboard in Resources */ = {isa = PBXBuildFile; fileRef = 20D6069A16138F950091658C /* MainStoryboard.storyboard */; };
		20DE1C7F16925D7B000A7F01 /* glass.png in Resources */ = {isa = PBXBuildFile; fileRef = 20DE1C7E16925D7B000A7F01 /* glass.png */; };
		20E71D3F16897037005640FD /* IDTWebViewController.m in Sources */ = {isa = PBXBuildFile; fileRef = 20E71D3E16897037005640FD /* IDTWebViewController.m */; };
/* End PBXBuildFile section */

/* Begin PBXFileReference section */
		2001B95C16ABB0EE00874DA9 /* hal-black.png */ = {isa = PBXFileReference; lastKnownFileType = image.png; path = "hal-black.png"; sourceTree = "<group>"; };
		2001B95D16ABB0EE00874DA9 /* hal-black@2x.png */ = {isa = PBXFileReference; lastKnownFileType = image.png; path = "hal-black@2x.png"; sourceTree = "<group>"; };
		2001B95E16ABB0EE00874DA9 /* hal-blue.png */ = {isa = PBXFileReference; lastKnownFileType = image.png; path = "hal-blue.png"; sourceTree = "<group>"; };
		2001B95F16ABB0EE00874DA9 /* hal-blue@2x.png */ = {isa = PBXFileReference; lastKnownFileType = image.png; path = "hal-blue@2x.png"; sourceTree = "<group>"; };
		2001B96016ABB0EE00874DA9 /* hal-white.png */ = {isa = PBXFileReference; lastKnownFileType = image.png; path = "hal-white.png"; sourceTree = "<group>"; };
		2001B96116ABB0EE00874DA9 /* hal-white@2x.png */ = {isa = PBXFileReference; lastKnownFileType = image.png; path = "hal-white@2x.png"; sourceTree = "<group>"; };
		2001B96216ABB0EE00874DA9 /* key-blue.png */ = {isa = PBXFileReference; lastKnownFileType = image.png; path = "key-blue.png"; sourceTree = "<group>"; };
		2001B96316ABB0EE00874DA9 /* key-blue@2x.png */ = {isa = PBXFileReference; lastKnownFileType = image.png; path = "key-blue@2x.png"; sourceTree = "<group>"; };
		2001B96416ABB0EE00874DA9 /* key-pressed.png */ = {isa = PBXFileReference; lastKnownFileType = image.png; path = "key-pressed.png"; sourceTree = "<group>"; };
		2001B96516ABB0EE00874DA9 /* key-pressed@2x.png */ = {isa = PBXFileReference; lastKnownFileType = image.png; path = "key-pressed@2x.png"; sourceTree = "<group>"; };
		2001B96616ABB0EE00874DA9 /* key.png */ = {isa = PBXFileReference; lastKnownFileType = image.png; path = key.png; sourceTree = "<group>"; };
		2001B96716ABB0EE00874DA9 /* key@2x.png */ = {isa = PBXFileReference; lastKnownFileType = image.png; path = "key@2x.png"; sourceTree = "<group>"; };
		2001B97616ABB20D00874DA9 /* KOKeyboardRow.h */ = {isa = PBXFileReference; fileEncoding = 4; lastKnownFileType = sourcecode.c.h; path = KOKeyboardRow.h; sourceTree = "<group>"; };
		2001B97716ABB20D00874DA9 /* KOKeyboardRow.m */ = {isa = PBXFileReference; fileEncoding = 4; lastKnownFileType = sourcecode.c.objc; path = KOKeyboardRow.m; sourceTree = "<group>"; };
		2001B97816ABB20E00874DA9 /* KOSwipeButton.h */ = {isa = PBXFileReference; fileEncoding = 4; lastKnownFileType = sourcecode.c.h; path = KOSwipeButton.h; sourceTree = "<group>"; };
		2001B97916ABB20F00874DA9 /* KOSwipeButton.m */ = {isa = PBXFileReference; fileEncoding = 4; lastKnownFileType = sourcecode.c.objc; path = KOSwipeButton.m; sourceTree = "<group>"; };
		200DFC611750839900804AED /* IDTChooseDocumentViewController.h */ = {isa = PBXFileReference; fileEncoding = 4; lastKnownFileType = sourcecode.c.h; path = IDTChooseDocumentViewController.h; sourceTree = "<group>"; };
		200DFC621750839900804AED /* IDTChooseDocumentViewController.m */ = {isa = PBXFileReference; fileEncoding = 4; lastKnownFileType = sourcecode.c.objc; path = IDTChooseDocumentViewController.m; sourceTree = "<group>"; };
		201E59E416E5088900BD8183 /* SystemConfiguration.framework */ = {isa = PBXFileReference; lastKnownFileType = wrapper.framework; name = SystemConfiguration.framework; path = System/Library/Frameworks/SystemConfiguration.framework; sourceTree = SDKROOT; };
		201E59E616E5089500BD8183 /* MobileCoreServices.framework */ = {isa = PBXFileReference; lastKnownFileType = wrapper.framework; name = MobileCoreServices.framework; path = System/Library/Frameworks/MobileCoreServices.framework; sourceTree = SDKROOT; };
		20259D681691390200F4A1BA /* Telescope-icon.png */ = {isa = PBXFileReference; lastKnownFileType = image.png; path = "Telescope-icon.png"; sourceTree = "<group>"; };
		202A7C2F1717CFF80065C720 /* SSKeychain.h */ = {isa = PBXFileReference; fileEncoding = 4; lastKnownFileType = sourcecode.c.h; path = SSKeychain.h; sourceTree = "<group>"; };
		202A7C301717CFF80065C720 /* SSKeychain.m */ = {isa = PBXFileReference; fileEncoding = 4; lastKnownFileType = sourcecode.c.objc; path = SSKeychain.m; sourceTree = "<group>"; };
		202A7C311717CFF80065C720 /* SSKeychainQuery.h */ = {isa = PBXFileReference; fileEncoding = 4; lastKnownFileType = sourcecode.c.h; path = SSKeychainQuery.h; sourceTree = "<group>"; };
		202A7C321717CFF80065C720 /* SSKeychainQuery.m */ = {isa = PBXFileReference; fileEncoding = 4; lastKnownFileType = sourcecode.c.objc; path = SSKeychainQuery.m; sourceTree = "<group>"; };
		202A7C351717D1880065C720 /* Security.framework */ = {isa = PBXFileReference; lastKnownFileType = wrapper.framework; name = Security.framework; path = System/Library/Frameworks/Security.framework; sourceTree = SDKROOT; };
		20470EBF170B68B300041C75 /* HasGistCellImage@2X.png */ = {isa = PBXFileReference; lastKnownFileType = image.png; path = "HasGistCellImage@2X.png"; sourceTree = "<group>"; };
		2062AB051615088500CDC8E2 /* AddressBookUI.framework */ = {isa = PBXFileReference; lastKnownFileType = wrapper.framework; name = AddressBookUI.framework; path = System/Library/Frameworks/AddressBookUI.framework; sourceTree = SDKROOT; };
		2062AB071615089400CDC8E2 /* MessageUI.framework */ = {isa = PBXFileReference; lastKnownFileType = wrapper.framework; name = MessageUI.framework; path = System/Library/Frameworks/MessageUI.framework; sourceTree = SDKROOT; };
		2066A1DB174ED50400BEBA91 /* UAGithubEngine.h */ = {isa = PBXFileReference; fileEncoding = 4; lastKnownFileType = sourcecode.c.h; name = UAGithubEngine.h; path = ../Forks/UAGithubEngine/UAGithubEngine/UAGithubEngine.h; sourceTree = "<group>"; };
		2066A1DC174ED50400BEBA91 /* UAGithubEngine.m */ = {isa = PBXFileReference; fileEncoding = 4; lastKnownFileType = sourcecode.c.objc; name = UAGithubEngine.m; path = ../Forks/UAGithubEngine/UAGithubEngine/UAGithubEngine.m; sourceTree = "<group>"; };
		2066A1DD174ED50400BEBA91 /* NSArray+Utilities.h */ = {isa = PBXFileReference; fileEncoding = 4; lastKnownFileType = sourcecode.c.h; name = "NSArray+Utilities.h"; path = "../Forks/UAGithubEngine/UAGithubEngine/NSArray+Utilities.h"; sourceTree = "<group>"; };
		2066A1DE174ED50400BEBA91 /* NSArray+Utilities.m */ = {isa = PBXFileReference; fileEncoding = 4; lastKnownFileType = sourcecode.c.objc; name = "NSArray+Utilities.m"; path = "../Forks/UAGithubEngine/UAGithubEngine/NSArray+Utilities.m"; sourceTree = "<group>"; };
		2066A1DF174ED50400BEBA91 /* NSInvocation+Blocks.h */ = {isa = PBXFileReference; fileEncoding = 4; lastKnownFileType = sourcecode.c.h; name = "NSInvocation+Blocks.h"; path = "../Forks/UAGithubEngine/UAGithubEngine/NSInvocation+Blocks.h"; sourceTree = "<group>"; };
		2066A1E0174ED50400BEBA91 /* NSInvocation+Blocks.m */ = {isa = PBXFileReference; fileEncoding = 4; lastKnownFileType = sourcecode.c.objc; name = "NSInvocation+Blocks.m"; path = "../Forks/UAGithubEngine/UAGithubEngine/NSInvocation+Blocks.m"; sourceTree = "<group>"; };
		2066A1E1174ED50400BEBA91 /* NSString+UAGithubEngineUtilities.h */ = {isa = PBXFileReference; fileEncoding = 4; lastKnownFileType = sourcecode.c.h; name = "NSString+UAGithubEngineUtilities.h"; path = "../Forks/UAGithubEngine/UAGithubEngine/NSString+UAGithubEngineUtilities.h"; sourceTree = "<group>"; };
		2066A1E2174ED50400BEBA91 /* NSString+UAGithubEngineUtilities.m */ = {isa = PBXFileReference; fileEncoding = 4; lastKnownFileType = sourcecode.c.objc; name = "NSString+UAGithubEngineUtilities.m"; path = "../Forks/UAGithubEngine/UAGithubEngine/NSString+UAGithubEngineUtilities.m"; sourceTree = "<group>"; };
		2066A1E3174ED50400BEBA91 /* NSString+UUID.h */ = {isa = PBXFileReference; fileEncoding = 4; lastKnownFileType = sourcecode.c.h; name = "NSString+UUID.h"; path = "../Forks/UAGithubEngine/UAGithubEngine/NSString+UUID.h"; sourceTree = "<group>"; };
		2066A1E4174ED50400BEBA91 /* NSString+UUID.m */ = {isa = PBXFileReference; fileEncoding = 4; lastKnownFileType = sourcecode.c.objc; name = "NSString+UUID.m"; path = "../Forks/UAGithubEngine/UAGithubEngine/NSString+UUID.m"; sourceTree = "<group>"; };
		2066A1E5174ED50500BEBA91 /* UAGithubEngineConstants.h */ = {isa = PBXFileReference; fileEncoding = 4; lastKnownFileType = sourcecode.c.h; name = UAGithubEngineConstants.h; path = ../Forks/UAGithubEngine/UAGithubEngine/UAGithubEngineConstants.h; sourceTree = "<group>"; };
		2066A1E6174ED50500BEBA91 /* UAGithubEngineConstants.m */ = {isa = PBXFileReference; fileEncoding = 4; lastKnownFileType = sourcecode.c.objc; name = UAGithubEngineConstants.m; path = ../Forks/UAGithubEngine/UAGithubEngine/UAGithubEngineConstants.m; sourceTree = "<group>"; };
		2066A1E7174ED50500BEBA91 /* UAGithubEngineRequestTypes.h */ = {isa = PBXFileReference; fileEncoding = 4; lastKnownFileType = sourcecode.c.h; name = UAGithubEngineRequestTypes.h; path = ../Forks/UAGithubEngine/UAGithubEngine/UAGithubEngineRequestTypes.h; sourceTree = "<group>"; };
		2066A1E8174ED50500BEBA91 /* UAGithubJSONParser.h */ = {isa = PBXFileReference; fileEncoding = 4; lastKnownFileType = sourcecode.c.h; name = UAGithubJSONParser.h; path = ../Forks/UAGithubEngine/UAGithubEngine/UAGithubJSONParser.h; sourceTree = "<group>"; };
		2066A1E9174ED50600BEBA91 /* UAGithubJSONParser.m */ = {isa = PBXFileReference; fileEncoding = 4; lastKnownFileType = sourcecode.c.objc; name = UAGithubJSONParser.m; path = ../Forks/UAGithubEngine/UAGithubEngine/UAGithubJSONParser.m; sourceTree = "<group>"; };
		2066A1EA174ED50600BEBA91 /* UAGithubURLConnection.h */ = {isa = PBXFileReference; fileEncoding = 4; lastKnownFileType = sourcecode.c.h; name = UAGithubURLConnection.h; path = ../Forks/UAGithubEngine/UAGithubEngine/UAGithubURLConnection.h; sourceTree = "<group>"; };
		2066A1EB174ED50600BEBA91 /* UAGithubURLConnection.m */ = {isa = PBXFileReference; fileEncoding = 4; lastKnownFileType = sourcecode.c.objc; name = UAGithubURLConnection.m; path = ../Forks/UAGithubEngine/UAGithubEngine/UAGithubURLConnection.m; sourceTree = "<group>"; };
		2066A1EC174ED50600BEBA91 /* UAReachability.h */ = {isa = PBXFileReference; fileEncoding = 4; lastKnownFileType = sourcecode.c.h; name = UAReachability.h; path = ../Forks/UAGithubEngine/UAGithubEngine/UAReachability.h; sourceTree = "<group>"; };
		2066A1ED174ED50600BEBA91 /* UAReachability.m */ = {isa = PBXFileReference; fileEncoding = 4; lastKnownFileType = sourcecode.c.objc; name = UAReachability.m; path = ../Forks/UAGithubEngine/UAGithubEngine/UAReachability.m; sourceTree = "<group>"; };
		2066A1FC174FCDB400BEBA91 /* Base64.h */ = {isa = PBXFileReference; fileEncoding = 4; lastKnownFileType = sourcecode.c.h; name = Base64.h; path = ../Forks/UAGithubEngine/UAGithubEngine/Base64.h; sourceTree = "<group>"; };
		2066A1FD174FCDB400BEBA91 /* Base64.m */ = {isa = PBXFileReference; fileEncoding = 4; lastKnownFileType = sourcecode.c.objc; name = Base64.m; path = ../Forks/UAGithubEngine/UAGithubEngine/Base64.m; sourceTree = "<group>"; };
		206DFE3317532BBF00DC409C /* IDTLinked.h */ = {isa = PBXFileReference; fileEncoding = 4; lastKnownFileType = sourcecode.c.h; path = IDTLinked.h; sourceTree = "<group>"; };
		206DFE3417532BBF00DC409C /* IDTLinked.m */ = {isa = PBXFileReference; fileEncoding = 4; lastKnownFileType = sourcecode.c.objc; path = IDTLinked.m; sourceTree = "<group>"; };
		206EAD501689199600C6A06C /* libMMMarkdown-iOS.a */ = {isa = PBXFileReference; lastKnownFileType = archive.ar; path = "libMMMarkdown-iOS.a"; sourceTree = "<group>"; };
		206EAD52168919A100C6A06C /* MMMarkdown.h */ = {isa = PBXFileReference; lastKnownFileType = sourcecode.c.h; path = MMMarkdown.h; sourceTree = "<group>"; };
		20750D3C172F672600DEA894 /* MainStoryboard_iPad.storyboard */ = {isa = PBXFileReference; fileEncoding = 4; lastKnownFileType = file.storyboard; path = MainStoryboard_iPad.storyboard; sourceTree = "<group>"; };
		20750D3E172F732000DEA894 /* IDTSplitViewController.h */ = {isa = PBXFileReference; fileEncoding = 4; lastKnownFileType = sourcecode.c.h; path = IDTSplitViewController.h; sourceTree = "<group>"; };
		20750D3F172F732000DEA894 /* IDTSplitViewController.m */ = {isa = PBXFileReference; fileEncoding = 4; lastKnownFileType = sourcecode.c.objc; path = IDTSplitViewController.m; sourceTree = "<group>"; };
		207718DF166C391100F8835A /* IDTDocument.m */ = {isa = PBXFileReference; fileEncoding = 4; lastKnownFileType = sourcecode.c.objc; lineEnding = 0; path = IDTDocument.m; sourceTree = "<group>"; xcLanguageSpecificationIdentifier = xcode.lang.objc; };
		207718E2166C391E00F8835A /* IDTDocument.h */ = {isa = PBXFileReference; lastKnownFileType = sourcecode.c.h; path = IDTDocument.h; sourceTree = "<group>"; };
		2084823816B5F10300D0E679 /* GOOD.jpg */ = {isa = PBXFileReference; lastKnownFileType = image.jpeg; path = GOOD.jpg; sourceTree = "<group>"; };
		208BA30A166F1CA300118232 /* Social.framework */ = {isa = PBXFileReference; lastKnownFileType = wrapper.framework; name = Social.framework; path = System/Library/Frameworks/Social.framework; sourceTree = SDKROOT; };
		208D657317177CC20018522E /* IDTSettingsViewController.h */ = {isa = PBXFileReference; fileEncoding = 4; lastKnownFileType = sourcecode.c.h; path = IDTSettingsViewController.h; sourceTree = "<group>"; };
		208D657417177CC20018522E /* IDTSettingsViewController.m */ = {isa = PBXFileReference; fileEncoding = 4; lastKnownFileType = sourcecode.c.objc; path = IDTSettingsViewController.m; sourceTree = "<group>"; };
		20A7743B1738468B00E7D671 /* IDTFolder.h */ = {isa = PBXFileReference; fileEncoding = 4; lastKnownFileType = sourcecode.c.h; path = IDTFolder.h; sourceTree = "<group>"; };
		20A7743C1738468B00E7D671 /* IDTFolder.m */ = {isa = PBXFileReference; fileEncoding = 4; lastKnownFileType = sourcecode.c.objc; path = IDTFolder.m; sourceTree = "<group>"; };
		20BC8784170BB97A00B808CE /* IDTModel.h */ = {isa = PBXFileReference; fileEncoding = 4; lastKnownFileType = sourcecode.c.h; path = IDTModel.h; sourceTree = "<group>"; };
		20BC8785170BB97A00B808CE /* IDTModel.m */ = {isa = PBXFileReference; fileEncoding = 4; lastKnownFileType = sourcecode.c.objc; path = IDTModel.m; sourceTree = "<group>"; };
		20D4FDC516ADEA9800031046 /* GreenIconNew.png */ = {isa = PBXFileReference; lastKnownFileType = image.png; name = GreenIconNew.png; path = ../GreenIconNew.png; sourceTree = "<group>"; };
		20D6067016138F5D0091658C /* new-new-Text-Editor.app */ = {isa = PBXFileReference; explicitFileType = wrapper.application; includeInIndex = 0; path = "new-new-Text-Editor.app"; sourceTree = BUILT_PRODUCTS_DIR; };
		20D6067416138F5D0091658C /* UIKit.framework */ = {isa = PBXFileReference; lastKnownFileType = wrapper.framework; name = UIKit.framework; path = System/Library/Frameworks/UIKit.framework; sourceTree = SDKROOT; };
		20D6067616138F5D0091658C /* Foundation.framework */ = {isa = PBXFileReference; lastKnownFileType = wrapper.framework; name = Foundation.framework; path = System/Library/Frameworks/Foundation.framework; sourceTree = SDKROOT; };
		20D6067816138F5D0091658C /* CoreGraphics.framework */ = {isa = PBXFileReference; lastKnownFileType = wrapper.framework; name = CoreGraphics.framework; path = System/Library/Frameworks/CoreGraphics.framework; sourceTree = SDKROOT; };
		20D6067C16138F5D0091658C /* new-new-Text-Editor-Info.plist */ = {isa = PBXFileReference; lastKnownFileType = text.plist.xml; path = "new-new-Text-Editor-Info.plist"; sourceTree = "<group>"; };
		20D6067E16138F5D0091658C /* en */ = {isa = PBXFileReference; lastKnownFileType = text.plist.strings; name = en; path = en.lproj/InfoPlist.strings; sourceTree = "<group>"; };
		20D6068016138F5D0091658C /* main.m */ = {isa = PBXFileReference; lastKnownFileType = sourcecode.c.objc; path = main.m; sourceTree = "<group>"; };
		20D6068216138F5D0091658C /* new-new-Text-Editor-Prefix.pch */ = {isa = PBXFileReference; lastKnownFileType = sourcecode.c.h; path = "new-new-Text-Editor-Prefix.pch"; sourceTree = "<group>"; };
		20D6068316138F5D0091658C /* IDTAppDelegate.h */ = {isa = PBXFileReference; lastKnownFileType = sourcecode.c.h; path = IDTAppDelegate.h; sourceTree = "<group>"; };
		20D6068416138F5D0091658C /* IDTAppDelegate.m */ = {isa = PBXFileReference; lastKnownFileType = sourcecode.c.objc; path = IDTAppDelegate.m; sourceTree = "<group>"; };
		20D6068616138F5D0091658C /* Default.png */ = {isa = PBXFileReference; lastKnownFileType = image.png; path = Default.png; sourceTree = "<group>"; };
		20D6068816138F5D0091658C /* Default@2x.png */ = {isa = PBXFileReference; lastKnownFileType = image.png; path = "Default@2x.png"; sourceTree = "<group>"; };
		20D6068A16138F5D0091658C /* Default-568h@2x.png */ = {isa = PBXFileReference; lastKnownFileType = image.png; path = "Default-568h@2x.png"; sourceTree = "<group>"; };
		20D6068F16138F5D0091658C /* IDTMasterViewController.h */ = {isa = PBXFileReference; lastKnownFileType = sourcecode.c.h; path = IDTMasterViewController.h; sourceTree = "<group>"; };
		20D6069016138F5D0091658C /* IDTMasterViewController.m */ = {isa = PBXFileReference; lastKnownFileType = sourcecode.c.objc; path = IDTMasterViewController.m; sourceTree = "<group>"; };
		20D6069216138F5D0091658C /* IDTDetailViewController.h */ = {isa = PBXFileReference; lastKnownFileType = sourcecode.c.h; path = IDTDetailViewController.h; sourceTree = "<group>"; };
		20D6069316138F5D0091658C /* IDTDetailViewController.m */ = {isa = PBXFileReference; lastKnownFileType = sourcecode.c.objc; path = IDTDetailViewController.m; sourceTree = "<group>"; };
		20D6069A16138F950091658C /* MainStoryboard.storyboard */ = {isa = PBXFileReference; fileEncoding = 4; lastKnownFileType = file.storyboard; path = MainStoryboard.storyboard; sourceTree = "<group>"; };
		20DE1C7E16925D7B000A7F01 /* glass.png */ = {isa = PBXFileReference; lastKnownFileType = image.png; path = glass.png; sourceTree = "<group>"; };
		20E71D3D16897037005640FD /* IDTWebViewController.h */ = {isa = PBXFileReference; fileEncoding = 4; lastKnownFileType = sourcecode.c.h; path = IDTWebViewController.h; sourceTree = "<group>"; };
		20E71D3E16897037005640FD /* IDTWebViewController.m */ = {isa = PBXFileReference; fileEncoding = 4; lastKnownFileType = sourcecode.c.objc; path = IDTWebViewController.m; sourceTree = "<group>"; };
/* End PBXFileReference section */

/* Begin PBXFrameworksBuildPhase section */
		20D6066D16138F5D0091658C /* Frameworks */ = {
			isa = PBXFrameworksBuildPhase;
			buildActionMask = 2147483647;
			files = (
				202A7C361717D1880065C720 /* Security.framework in Frameworks */,
				201E59E716E5089500BD8183 /* MobileCoreServices.framework in Frameworks */,
				201E59E516E5088A00BD8183 /* SystemConfiguration.framework in Frameworks */,
				208BA30B166F1CA300118232 /* Social.framework in Frameworks */,
				2062AB081615089400CDC8E2 /* MessageUI.framework in Frameworks */,
				2062AB061615088500CDC8E2 /* AddressBookUI.framework in Frameworks */,
				20D6067716138F5D0091658C /* Foundation.framework in Frameworks */,
				20D6067516138F5D0091658C /* UIKit.framework in Frameworks */,
				20D6067916138F5D0091658C /* CoreGraphics.framework in Frameworks */,
				206EAD511689199600C6A06C /* libMMMarkdown-iOS.a in Frameworks */,
			);
			runOnlyForDeploymentPostprocessing = 0;
		};
/* End PBXFrameworksBuildPhase section */

/* Begin PBXGroup section */
		2001B97516ABB10B00874DA9 /* Assets */ = {
			isa = PBXGroup;
			children = (
				2001B96416ABB0EE00874DA9 /* key-pressed.png */,
				2001B96216ABB0EE00874DA9 /* key-blue.png */,
				2001B96316ABB0EE00874DA9 /* key-blue@2x.png */,
				2001B96516ABB0EE00874DA9 /* key-pressed@2x.png */,
				2001B96616ABB0EE00874DA9 /* key.png */,
				2001B96716ABB0EE00874DA9 /* key@2x.png */,
				2001B96116ABB0EE00874DA9 /* hal-white@2x.png */,
				2001B95F16ABB0EE00874DA9 /* hal-blue@2x.png */,
				2001B95E16ABB0EE00874DA9 /* hal-blue.png */,
				2001B95D16ABB0EE00874DA9 /* hal-black@2x.png */,
				20D6068A16138F5D0091658C /* Default-568h@2x.png */,
				2001B96016ABB0EE00874DA9 /* hal-white.png */,
				2001B95C16ABB0EE00874DA9 /* hal-black.png */,
				20D6068816138F5D0091658C /* Default@2x.png */,
				20D6068616138F5D0091658C /* Default.png */,
			);
			name = Assets;
			sourceTree = "<group>";
		};
		2001B97C16ABB22200874DA9 /* Text Editor */ = {
			isa = PBXGroup;
			children = (
				20D6067A16138F5D0091658C /* new-new-Text-Editor */,
			);
			name = "Text Editor";
			sourceTree = "<group>";
		};
		2001B97D16ABB25F00874DA9 /* Keyboard */ = {
			isa = PBXGroup;
			children = (
				2001B97816ABB20E00874DA9 /* KOSwipeButton.h */,
				2001B97916ABB20F00874DA9 /* KOSwipeButton.m */,
				2001B97616ABB20D00874DA9 /* KOKeyboardRow.h */,
				2001B97716ABB20D00874DA9 /* KOKeyboardRow.m */,
			);
			name = Keyboard;
			sourceTree = "<group>";
		};
		200DFC60175082E600804AED /* Lessar VC */ = {
			isa = PBXGroup;
			children = (
				20750D3E172F732000DEA894 /* IDTSplitViewController.h */,
				20750D3F172F732000DEA894 /* IDTSplitViewController.m */,
				20E71D3D16897037005640FD /* IDTWebViewController.h */,
				20E71D3E16897037005640FD /* IDTWebViewController.m */,
				200DFC611750839900804AED /* IDTChooseDocumentViewController.h */,
				200DFC621750839900804AED /* IDTChooseDocumentViewController.m */,
				208D657317177CC20018522E /* IDTSettingsViewController.h */,
				208D657417177CC20018522E /* IDTSettingsViewController.m */,
			);
			name = "Lessar VC";
			sourceTree = "<group>";
		};
		20238C6716F0254A003A9276 /* ViewControllers */ = {
			isa = PBXGroup;
			children = (
				20D6068F16138F5D0091658C /* IDTMasterViewController.h */,
				20D6069016138F5D0091658C /* IDTMasterViewController.m */,
				20D6069216138F5D0091658C /* IDTDetailViewController.h */,
				20D6069316138F5D0091658C /* IDTDetailViewController.m */,
				200DFC60175082E600804AED /* Lessar VC */,
			);
			name = ViewControllers;
			sourceTree = "<group>";
		};
		20238C6816F025AB003A9276 /* Misc */ = {
			isa = PBXGroup;
			children = (
				20D6069A16138F950091658C /* MainStoryboard.storyboard */,
				20750D3C172F672600DEA894 /* MainStoryboard_iPad.storyboard */,
				20D6068316138F5D0091658C /* IDTAppDelegate.h */,
				20D6068416138F5D0091658C /* IDTAppDelegate.m */,
			);
			name = Misc;
			sourceTree = "<group>";
		};
		202A7C2E1717CFF80065C720 /* SSKeychain */ = {
			isa = PBXGroup;
			children = (
				202A7C2F1717CFF80065C720 /* SSKeychain.h */,
				202A7C301717CFF80065C720 /* SSKeychain.m */,
				202A7C311717CFF80065C720 /* SSKeychainQuery.h */,
				202A7C321717CFF80065C720 /* SSKeychainQuery.m */,
			);
			path = SSKeychain;
			sourceTree = "<group>";
		};
		2066A1F7174ED53C00BEBA91 /* UAGithubEngine */ = {
			isa = PBXGroup;
			children = (
				2066A1FC174FCDB400BEBA91 /* Base64.h */,
				2066A1FD174FCDB400BEBA91 /* Base64.m */,
				2066A1DB174ED50400BEBA91 /* UAGithubEngine.h */,
				2066A1DC174ED50400BEBA91 /* UAGithubEngine.m */,
				2066A1DD174ED50400BEBA91 /* NSArray+Utilities.h */,
				2066A1DE174ED50400BEBA91 /* NSArray+Utilities.m */,
				2066A1DF174ED50400BEBA91 /* NSInvocation+Blocks.h */,
				2066A1E0174ED50400BEBA91 /* NSInvocation+Blocks.m */,
				2066A1E1174ED50400BEBA91 /* NSString+UAGithubEngineUtilities.h */,
				2066A1E2174ED50400BEBA91 /* NSString+UAGithubEngineUtilities.m */,
				2066A1E3174ED50400BEBA91 /* NSString+UUID.h */,
				2066A1E4174ED50400BEBA91 /* NSString+UUID.m */,
				2066A1E5174ED50500BEBA91 /* UAGithubEngineConstants.h */,
				2066A1E6174ED50500BEBA91 /* UAGithubEngineConstants.m */,
				2066A1E7174ED50500BEBA91 /* UAGithubEngineRequestTypes.h */,
				2066A1E8174ED50500BEBA91 /* UAGithubJSONParser.h */,
				2066A1E9174ED50600BEBA91 /* UAGithubJSONParser.m */,
				2066A1EA174ED50600BEBA91 /* UAGithubURLConnection.h */,
				2066A1EB174ED50600BEBA91 /* UAGithubURLConnection.m */,
				2066A1EC174ED50600BEBA91 /* UAReachability.h */,
				2066A1ED174ED50600BEBA91 /* UAReachability.m */,
			);
			name = UAGithubEngine;
			sourceTree = "<group>";
		};
		20D6066516138F5D0091658C = {
			isa = PBXGroup;
			children = (
				2066A1F7174ED53C00BEBA91 /* UAGithubEngine */,
				202A7C2E1717CFF80065C720 /* SSKeychain */,
				2001B97C16ABB22200874DA9 /* Text Editor */,
				20D6067316138F5D0091658C /* Frameworks */,
				20D6067116138F5D0091658C /* Products */,
			);
			sourceTree = "<group>";
		};
		20D6067116138F5D0091658C /* Products */ = {
			isa = PBXGroup;
			children = (
				20D6067016138F5D0091658C /* new-new-Text-Editor.app */,
			);
			name = Products;
			sourceTree = "<group>";
		};
		20D6067316138F5D0091658C /* Frameworks */ = {
			isa = PBXGroup;
			children = (
				202A7C351717D1880065C720 /* Security.framework */,
				201E59E616E5089500BD8183 /* MobileCoreServices.framework */,
				201E59E416E5088900BD8183 /* SystemConfiguration.framework */,
				206EAD501689199600C6A06C /* libMMMarkdown-iOS.a */,
				2062AB071615089400CDC8E2 /* MessageUI.framework */,
				208BA30A166F1CA300118232 /* Social.framework */,
				2062AB051615088500CDC8E2 /* AddressBookUI.framework */,
				20D6067416138F5D0091658C /* UIKit.framework */,
				20D6067616138F5D0091658C /* Foundation.framework */,
				20D6067816138F5D0091658C /* CoreGraphics.framework */,
			);
			name = Frameworks;
			sourceTree = "<group>";
		};
		20D6067A16138F5D0091658C /* new-new-Text-Editor */ = {
			isa = PBXGroup;
			children = (
				20F2B88E16CC12C10091F6F4 /* Model */,
				20238C6716F0254A003A9276 /* ViewControllers */,
				20238C6816F025AB003A9276 /* Misc */,
				20F2B88D16CC12620091F6F4 /* Images */,
				2001B97D16ABB25F00874DA9 /* Keyboard */,
				20D6067B16138F5D0091658C /* Supporting Files */,
			);
			path = "new-new-Text-Editor";
			sourceTree = "<group>";
		};
		20D6067B16138F5D0091658C /* Supporting Files */ = {
			isa = PBXGroup;
			children = (
				2001B97516ABB10B00874DA9 /* Assets */,
				20470EBF170B68B300041C75 /* HasGistCellImage@2X.png */,
				20D6067C16138F5D0091658C /* new-new-Text-Editor-Info.plist */,
				20D4FDC516ADEA9800031046 /* GreenIconNew.png */,
				20D6067D16138F5D0091658C /* InfoPlist.strings */,
				20D6068016138F5D0091658C /* main.m */,
				206EAD52168919A100C6A06C /* MMMarkdown.h */,
				20D6068216138F5D0091658C /* new-new-Text-Editor-Prefix.pch */,
			);
			name = "Supporting Files";
			sourceTree = "<group>";
		};
		20F2B88D16CC12620091F6F4 /* Images */ = {
			isa = PBXGroup;
			children = (
				20DE1C7E16925D7B000A7F01 /* glass.png */,
				20259D681691390200F4A1BA /* Telescope-icon.png */,
				2084823816B5F10300D0E679 /* GOOD.jpg */,
			);
			name = Images;
			sourceTree = "<group>";
		};
		20F2B88E16CC12C10091F6F4 /* Model */ = {
			isa = PBXGroup;
			children = (
				20A7743B1738468B00E7D671 /* IDTFolder.h */,
				20A7743C1738468B00E7D671 /* IDTFolder.m */,
				207718E2166C391E00F8835A /* IDTDocument.h */,
				207718DF166C391100F8835A /* IDTDocument.m */,
				20BC8784170BB97A00B808CE /* IDTModel.h */,
				20BC8785170BB97A00B808CE /* IDTModel.m */,
				206DFE3317532BBF00DC409C /* IDTLinked.h */,
				206DFE3417532BBF00DC409C /* IDTLinked.m */,
			);
			name = Model;
			sourceTree = "<group>";
		};
/* End PBXGroup section */

/* Begin PBXNativeTarget section */
		20D6066F16138F5D0091658C /* new-new-Text-Editor */ = {
			isa = PBXNativeTarget;
			buildConfigurationList = 20D6069716138F5D0091658C /* Build configuration list for PBXNativeTarget "new-new-Text-Editor" */;
			buildPhases = (
				20D6066C16138F5D0091658C /* Sources */,
				20D6066D16138F5D0091658C /* Frameworks */,
				20D6066E16138F5D0091658C /* Resources */,
			);
			buildRules = (
			);
			dependencies = (
			);
			name = "new-new-Text-Editor";
			productName = "new-new-Text-Editor";
			productReference = 20D6067016138F5D0091658C /* new-new-Text-Editor.app */;
			productType = "com.apple.product-type.application";
		};
/* End PBXNativeTarget section */

/* Begin PBXProject section */
		20D6066716138F5D0091658C /* Project object */ = {
			isa = PBXProject;
			attributes = {
				CLASSPREFIX = IDT;
				LastUpgradeCheck = 0450;
				ORGANIZATIONNAME = "E&Z Pierson";
			};
			buildConfigurationList = 20D6066A16138F5D0091658C /* Build configuration list for PBXProject "new-new-Text-Editor" */;
			compatibilityVersion = "Xcode 3.2";
			developmentRegion = English;
			hasScannedForEncodings = 0;
			knownRegions = (
				en,
			);
			mainGroup = 20D6066516138F5D0091658C;
			productRefGroup = 20D6067116138F5D0091658C /* Products */;
			projectDirPath = "";
			projectRoot = "";
			targets = (
				20D6066F16138F5D0091658C /* new-new-Text-Editor */,
			);
		};
/* End PBXProject section */

/* Begin PBXResourcesBuildPhase section */
		20D6066E16138F5D0091658C /* Resources */ = {
			isa = PBXResourcesBuildPhase;
			buildActionMask = 2147483647;
			files = (
				20D6067F16138F5D0091658C /* InfoPlist.strings in Resources */,
				20D6068716138F5D0091658C /* Default.png in Resources */,
				20D6068916138F5D0091658C /* Default@2x.png in Resources */,
				20D6068B16138F5D0091658C /* Default-568h@2x.png in Resources */,
				20D6069B16138F950091658C /* MainStoryboard.storyboard in Resources */,
				20259D691691390200F4A1BA /* Telescope-icon.png in Resources */,
				20DE1C7F16925D7B000A7F01 /* glass.png in Resources */,
				2001B96816ABB0EE00874DA9 /* hal-black.png in Resources */,
				2001B96916ABB0EE00874DA9 /* hal-black@2x.png in Resources */,
				2001B96A16ABB0EE00874DA9 /* hal-blue.png in Resources */,
				2001B96B16ABB0EE00874DA9 /* hal-blue@2x.png in Resources */,
				2001B96C16ABB0EE00874DA9 /* hal-white.png in Resources */,
				2001B96D16ABB0EE00874DA9 /* hal-white@2x.png in Resources */,
				2001B96E16ABB0EE00874DA9 /* key-blue.png in Resources */,
				2001B96F16ABB0EE00874DA9 /* key-blue@2x.png in Resources */,
				2001B97016ABB0EE00874DA9 /* key-pressed.png in Resources */,
				2001B97116ABB0EE00874DA9 /* key-pressed@2x.png in Resources */,
				2001B97216ABB0EE00874DA9 /* key.png in Resources */,
				2001B97316ABB0EE00874DA9 /* key@2x.png in Resources */,
				20D4FDC616ADEA9800031046 /* GreenIconNew.png in Resources */,
				2084823916B5F10300D0E679 /* GOOD.jpg in Resources */,
				20470EC0170B68B300041C75 /* HasGistCellImage@2X.png in Resources */,
				20750D3D172F672600DEA894 /* MainStoryboard_iPad.storyboard in Resources */,
			);
			runOnlyForDeploymentPostprocessing = 0;
		};
/* End PBXResourcesBuildPhase section */

/* Begin PBXSourcesBuildPhase section */
		20D6066C16138F5D0091658C /* Sources */ = {
			isa = PBXSourcesBuildPhase;
			buildActionMask = 2147483647;
			files = (
				20D6068116138F5D0091658C /* main.m in Sources */,
				20D6068516138F5D0091658C /* IDTAppDelegate.m in Sources */,
				20D6069116138F5D0091658C /* IDTMasterViewController.m in Sources */,
				20D6069416138F5D0091658C /* IDTDetailViewController.m in Sources */,
				207718E0166C391100F8835A /* IDTDocument.m in Sources */,
				20E71D3F16897037005640FD /* IDTWebViewController.m in Sources */,
				2001B97A16ABB21000874DA9 /* KOKeyboardRow.m in Sources */,
				2001B97B16ABB21000874DA9 /* KOSwipeButton.m in Sources */,
				20BC8786170BB97A00B808CE /* IDTModel.m in Sources */,
				208D657517177CC20018522E /* IDTSettingsViewController.m in Sources */,
				202A7C331717CFF80065C720 /* SSKeychain.m in Sources */,
				202A7C341717CFF80065C720 /* SSKeychainQuery.m in Sources */,
				20750D40172F732000DEA894 /* IDTSplitViewController.m in Sources */,
				20A7743D1738468B00E7D671 /* IDTFolder.m in Sources */,
				2066A1EE174ED50600BEBA91 /* UAGithubEngine.m in Sources */,
				2066A1EF174ED50600BEBA91 /* NSArray+Utilities.m in Sources */,
				2066A1F0174ED50600BEBA91 /* NSInvocation+Blocks.m in Sources */,
				2066A1F1174ED50600BEBA91 /* NSString+UAGithubEngineUtilities.m in Sources */,
				2066A1F2174ED50600BEBA91 /* NSString+UUID.m in Sources */,
				2066A1F3174ED50600BEBA91 /* UAGithubEngineConstants.m in Sources */,
				2066A1F4174ED50600BEBA91 /* UAGithubJSONParser.m in Sources */,
				2066A1F5174ED50600BEBA91 /* UAGithubURLConnection.m in Sources */,
				2066A1F6174ED50600BEBA91 /* UAReachability.m in Sources */,
				2066A1FE174FCDB400BEBA91 /* Base64.m in Sources */,
				200DFC631750839900804AED /* IDTChooseDocumentViewController.m in Sources */,
				206DFE3517532BBF00DC409C /* IDTLinked.m in Sources */,
			);
			runOnlyForDeploymentPostprocessing = 0;
		};
/* End PBXSourcesBuildPhase section */

/* Begin PBXVariantGroup section */
		20D6067D16138F5D0091658C /* InfoPlist.strings */ = {
			isa = PBXVariantGroup;
			children = (
				20D6067E16138F5D0091658C /* en */,
			);
			name = InfoPlist.strings;
			sourceTree = "<group>";
		};
/* End PBXVariantGroup section */

/* Begin XCBuildConfiguration section */
		20D6069516138F5D0091658C /* Debug */ = {
			isa = XCBuildConfiguration;
			buildSettings = {
				ALWAYS_SEARCH_USER_PATHS = NO;
				CLANG_CXX_LANGUAGE_STANDARD = "gnu++0x";
				CLANG_CXX_LIBRARY = "libc++";
				CLANG_ENABLE_OBJC_ARC = YES;
				CLANG_WARN_EMPTY_BODY = YES;
				CLANG_WARN__DUPLICATE_METHOD_MATCH = YES;
				"CODE_SIGN_IDENTITY[sdk=iphoneos*]" = "iPhone Developer";
				COPY_PHASE_STRIP = NO;
				GCC_C_LANGUAGE_STANDARD = gnu99;
				GCC_DYNAMIC_NO_PIC = NO;
				GCC_OPTIMIZATION_LEVEL = 0;
				GCC_PREPROCESSOR_DEFINITIONS = (
					"DEBUG=1",
					"$(inherited)",
				);
				GCC_SYMBOLS_PRIVATE_EXTERN = NO;
				GCC_TREAT_WARNINGS_AS_ERRORS = YES;
				GCC_WARN_64_TO_32_BIT_CONVERSION = NO;
				GCC_WARN_ABOUT_MISSING_FIELD_INITIALIZERS = NO;
				GCC_WARN_ABOUT_MISSING_NEWLINE = YES;
				GCC_WARN_ABOUT_RETURN_TYPE = YES;
				GCC_WARN_CHECK_SWITCH_STATEMENTS = YES;
				GCC_WARN_INITIALIZER_NOT_FULLY_BRACKETED = YES;
				GCC_WARN_MISSING_PARENTHESES = YES;
				GCC_WARN_MULTIPLE_DEFINITION_TYPES_FOR_SELECTOR = NO;
				GCC_WARN_SHADOW = NO;
				GCC_WARN_SIGN_COMPARE = YES;
				GCC_WARN_TYPECHECK_CALLS_TO_PRINTF = YES;
				GCC_WARN_UNDECLARED_SELECTOR = NO;
				GCC_WARN_UNINITIALIZED_AUTOS = YES;
				GCC_WARN_UNUSED_FUNCTION = YES;
				GCC_WARN_UNUSED_LABEL = YES;
				GCC_WARN_UNUSED_VALUE = YES;
				GCC_WARN_UNUSED_VARIABLE = YES;
				IPHONEOS_DEPLOYMENT_TARGET = 6.0;
				SDKROOT = iphoneos;
				VALID_ARCHS = armv7;
			};
			name = Debug;
		};
		20D6069616138F5D0091658C /* Release */ = {
			isa = XCBuildConfiguration;
			buildSettings = {
				ALWAYS_SEARCH_USER_PATHS = NO;
				CLANG_CXX_LANGUAGE_STANDARD = "gnu++0x";
				CLANG_CXX_LIBRARY = "libc++";
				CLANG_ENABLE_OBJC_ARC = YES;
				CLANG_WARN_EMPTY_BODY = YES;
				CLANG_WARN__DUPLICATE_METHOD_MATCH = YES;
				"CODE_SIGN_IDENTITY[sdk=iphoneos*]" = "iPhone Developer";
				COPY_PHASE_STRIP = YES;
				GCC_C_LANGUAGE_STANDARD = gnu99;
				GCC_TREAT_WARNINGS_AS_ERRORS = YES;
				GCC_WARN_64_TO_32_BIT_CONVERSION = NO;
				GCC_WARN_ABOUT_MISSING_FIELD_INITIALIZERS = NO;
				GCC_WARN_ABOUT_MISSING_NEWLINE = YES;
				GCC_WARN_ABOUT_RETURN_TYPE = YES;
				GCC_WARN_CHECK_SWITCH_STATEMENTS = YES;
				GCC_WARN_INITIALIZER_NOT_FULLY_BRACKETED = YES;
				GCC_WARN_MISSING_PARENTHESES = YES;
				GCC_WARN_MULTIPLE_DEFINITION_TYPES_FOR_SELECTOR = NO;
				GCC_WARN_SHADOW = NO;
				GCC_WARN_SIGN_COMPARE = YES;
				GCC_WARN_TYPECHECK_CALLS_TO_PRINTF = YES;
				GCC_WARN_UNDECLARED_SELECTOR = NO;
				GCC_WARN_UNINITIALIZED_AUTOS = YES;
				GCC_WARN_UNUSED_FUNCTION = YES;
				GCC_WARN_UNUSED_LABEL = YES;
				GCC_WARN_UNUSED_VALUE = YES;
				GCC_WARN_UNUSED_VARIABLE = YES;
				IPHONEOS_DEPLOYMENT_TARGET = 6.0;
				OTHER_CFLAGS = "-DNS_BLOCK_ASSERTIONS=1";
				RUN_CLANG_STATIC_ANALYZER = YES;
				SDKROOT = iphoneos;
				VALIDATE_PRODUCT = YES;
				VALID_ARCHS = armv7;
			};
			name = Release;
		};
		20D6069816138F5D0091658C /* Debug */ = {
			isa = XCBuildConfiguration;
			buildSettings = {
				FRAMEWORK_SEARCH_PATHS = (
					"$(inherited)",
					"\"$(SRCROOT)\"",
				);
				GCC_PRECOMPILE_PREFIX_HEADER = YES;
				GCC_PREFIX_HEADER = "new-new-Text-Editor/new-new-Text-Editor-Prefix.pch";
				INFOPLIST_FILE = "new-new-Text-Editor/new-new-Text-Editor-Info.plist";
				IPHONEOS_DEPLOYMENT_TARGET = 6.0;
				LIBRARY_SEARCH_PATHS = (
					"$(inherited)",
					"\"$(SRCROOT)\"",
				);
				PRODUCT_NAME = "$(TARGET_NAME)";
				TARGETED_DEVICE_FAMILY = "1,2";
				VALID_ARCHS = "armv7 ";
				WRAPPER_EXTENSION = app;
			};
			name = Debug;
		};
		20D6069916138F5D0091658C /* Release */ = {
			isa = XCBuildConfiguration;
			buildSettings = {
				FRAMEWORK_SEARCH_PATHS = (
					"$(inherited)",
					"\"$(SRCROOT)\"",
				);
				GCC_PRECOMPILE_PREFIX_HEADER = YES;
				GCC_PREFIX_HEADER = "new-new-Text-Editor/new-new-Text-Editor-Prefix.pch";
				INFOPLIST_FILE = "new-new-Text-Editor/new-new-Text-Editor-Info.plist";
				IPHONEOS_DEPLOYMENT_TARGET = 6.0;
				LIBRARY_SEARCH_PATHS = (
					"$(inherited)",
					"\"$(SRCROOT)\"",
				);
				PRODUCT_NAME = "$(TARGET_NAME)";
				TARGETED_DEVICE_FAMILY = "1,2";
				VALID_ARCHS = "armv7 ";
				WRAPPER_EXTENSION = app;
			};
			name = Release;
		};
/* End XCBuildConfiguration section */

/* Begin XCConfigurationList section */
		20D6066A16138F5D0091658C /* Build configuration list for PBXProject "new-new-Text-Editor" */ = {
			isa = XCConfigurationList;
			buildConfigurations = (
				20D6069516138F5D0091658C /* Debug */,
				20D6069616138F5D0091658C /* Release */,
			);
			defaultConfigurationIsVisible = 0;
			defaultConfigurationName = Release;
		};
		20D6069716138F5D0091658C /* Build configuration list for PBXNativeTarget "new-new-Text-Editor" */ = {
			isa = XCConfigurationList;
			buildConfigurations = (
				20D6069816138F5D0091658C /* Debug */,
				20D6069916138F5D0091658C /* Release */,
			);
			defaultConfigurationIsVisible = 0;
			defaultConfigurationName = Release;
		};
/* End XCConfigurationList section */
	};
	rootObject = 20D6066716138F5D0091658C /* Project object */;
}
